{
    "name": "status-page-io",
    "version": "0.1.0",
    "lockfileVersion": 1,
    "requires": true,
    "dependencies": {
        "axios": {
            "version": "0.19.0",
            "resolved": "https://purecloud.jfrog.io/purecloud/api/npm/inin-internal-npm/axios/-/axios-0.19.0.tgz",
            "integrity": "sha1-jgm/89kSLhM/e4EByPvdAO09Krg=",
            "requires": {
                "follow-redirects": "1.5.10",
                "is-buffer": "^2.0.2"
            }
        },
        "bail": {
            "version": "1.0.4",
            "resolved": "https://purecloud.jfrog.io/purecloud/api/npm/inin-internal-npm/bail/-/bail-1.0.4.tgz",
            "integrity": "sha1-cYG2bVCKowVdP2wT8KDHIGQd3ps="
        },
        "character-entities": {
            "version": "1.2.3",
            "resolved": "https://purecloud.jfrog.io/purecloud/api/npm/inin-internal-npm/character-entities/-/character-entities-1.2.3.tgz",
            "integrity": "sha1-u+1KUv5++YzHE8bYDZ+qJpFtVOY="
        },
        "character-entities-legacy": {
            "version": "1.1.3",
            "resolved": "https://purecloud.jfrog.io/purecloud/api/npm/inin-internal-npm/character-entities-legacy/-/character-entities-legacy-1.1.3.tgz",
            "integrity": "sha1-PHKZkdkpPaDt5t3crx8s4QCe6LQ="
        },
        "character-reference-invalid": {
            "version": "1.1.3",
            "resolved": "https://purecloud.jfrog.io/purecloud/api/npm/inin-internal-npm/character-reference-invalid/-/character-reference-invalid-1.1.3.tgz",
            "integrity": "sha1-Fkf09yZjjT6kp1DPXRl1wceRmoU="
        },
        "classnames": {
            "version": "2.2.6",
            "resolved": "https://purecloud.jfrog.io/purecloud/api/npm/inin-internal-npm/classnames/-/classnames-2.2.6.tgz",
            "integrity": "sha1-Q5Nb/90pHzJtrQogUwmzjQD2UM4="
        },
        "collapse-white-space": {
            "version": "1.0.5",
            "resolved": "https://purecloud.jfrog.io/purecloud/api/npm/inin-internal-npm/collapse-white-space/-/collapse-white-space-1.0.5.tgz",
            "integrity": "sha1-wklbaZqx7TgNKaEJHgEGPnXbvjo="
        },
        "debug": {
            "version": "3.1.0",
            "resolved": "https://purecloud.jfrog.io/purecloud/api/npm/inin-internal-npm/debug/-/debug-3.1.0.tgz",
            "integrity": "sha1-W7WgZyYotkFJVmuhaBnmFRjGcmE=",
            "requires": {
                "ms": "2.0.0"
            }
        },
        "dom-serializer": {
            "version": "0.2.1",
            "resolved": "https://purecloud.jfrog.io/purecloud/api/npm/inin-internal-npm/dom-serializer/-/dom-serializer-0.2.1.tgz",
            "integrity": "sha1-E2UMhQ2v/qNdi2JqTPxNOhdkP9s=",
            "requires": {
                "domelementtype": "^2.0.1",
                "entities": "^2.0.0"
            }
        },
        "domelementtype": {
            "version": "2.0.1",
            "resolved": "https://purecloud.jfrog.io/purecloud/api/npm/inin-internal-npm/domelementtype/-/domelementtype-2.0.1.tgz",
            "integrity": "sha1-H4vf6R9aeAYydOgDtL3O326U+U0="
        },
        "domhandler": {
            "version": "3.0.0",
            "resolved": "https://purecloud.jfrog.io/purecloud/api/npm/inin-internal-npm/domhandler/-/domhandler-3.0.0.tgz",
            "integrity": "sha1-Uc0T78ox2pW7sMW+46SDAOMzs+k=",
            "requires": {
                "domelementtype": "^2.0.1"
            }
        },
        "domutils": {
            "version": "2.0.0",
            "resolved": "https://purecloud.jfrog.io/purecloud/api/npm/inin-internal-npm/domutils/-/domutils-2.0.0.tgz",
            "integrity": "sha1-Fbgnjje/qEaNFXR4xYw2dxgTPAg=",
            "requires": {
                "dom-serializer": "^0.2.1",
                "domelementtype": "^2.0.1",
                "domhandler": "^3.0.0"
            }
        },
        "entities": {
            "version": "2.0.0",
            "resolved": "https://purecloud.jfrog.io/purecloud/api/npm/inin-internal-npm/entities/-/entities-2.0.0.tgz",
            "integrity": "sha1-aNYITKsbB5dnVA2A5Wo5tCPkq/Q="
        },
        "extend": {
            "version": "3.0.2",
            "resolved": "https://purecloud.jfrog.io/purecloud/api/npm/inin-internal-npm/extend/-/extend-3.0.2.tgz",
            "integrity": "sha1-+LETa0Bx+9jrFAr/hYsQGewpFfo="
        },
        "follow-redirects": {
            "version": "1.5.10",
            "resolved": "https://purecloud.jfrog.io/purecloud/api/npm/inin-internal-npm/follow-redirects/-/follow-redirects-1.5.10.tgz",
            "integrity": "sha1-e3qfmuov3/NnhqlP9kPtB/T/Xio=",
            "requires": {
                "debug": "=3.1.0"
            }
        },
        "html-to-react": {
            "version": "1.4.1",
            "resolved": "https://purecloud.jfrog.io/purecloud/api/npm/inin-internal-npm/html-to-react/-/html-to-react-1.4.1.tgz",
            "integrity": "sha1-ZPZ2V8YzUFaGbjNMCXVW8liU3Uc=",
            "requires": {
                "domhandler": "^3.0",
                "htmlparser2": "^4.0",
                "lodash.camelcase": "^4.3.0",
                "ramda": "^0.26"
            }
        },
        "htmlparser2": {
            "version": "4.0.0",
            "resolved": "https://purecloud.jfrog.io/purecloud/api/npm/inin-internal-npm/htmlparser2/-/htmlparser2-4.0.0.tgz",
            "integrity": "sha1-YDRljbZbdxOlcqnr959lCDLc7sg=",
            "requires": {
                "domelementtype": "^2.0.1",
                "domhandler": "^3.0.0",
                "domutils": "^2.0.0",
                "entities": "^2.0.0"
            }
        },
        "inherits": {
            "version": "2.0.4",
            "resolved": "https://purecloud.jfrog.io/purecloud/api/npm/inin-internal-npm/inherits/-/inherits-2.0.4.tgz",
            "integrity": "sha1-D6LGT5MpF8NDOg3tVTY6rjdBa3w="
        },
        "is-alphabetical": {
            "version": "1.0.3",
            "resolved": "https://purecloud.jfrog.io/purecloud/api/npm/inin-internal-npm/is-alphabetical/-/is-alphabetical-1.0.3.tgz",
            "integrity": "sha1-6wTMRyGaiJXYRQrORxWr/yJYofg="
        },
        "is-alphanumerical": {
            "version": "1.0.3",
            "resolved": "https://purecloud.jfrog.io/purecloud/api/npm/inin-internal-npm/is-alphanumerical/-/is-alphanumerical-1.0.3.tgz",
            "integrity": "sha1-V64hw3Qnez3v4CdMZApXBLj2ZXw=",
            "requires": {
                "is-alphabetical": "^1.0.0",
                "is-decimal": "^1.0.0"
            }
        },
        "is-buffer": {
            "version": "2.0.3",
            "resolved": "https://purecloud.jfrog.io/purecloud/api/npm/inin-internal-npm/is-buffer/-/is-buffer-2.0.3.tgz",
            "integrity": "sha1-Ts8/z3ScvR5HJonhCaxmJhol5yU="
        },
        "is-decimal": {
            "version": "1.0.3",
            "resolved": "https://purecloud.jfrog.io/purecloud/api/npm/inin-internal-npm/is-decimal/-/is-decimal-1.0.3.tgz",
            "integrity": "sha1-OBBodZudyAfYwNwL+64raOHaSLc="
        },
        "is-hexadecimal": {
            "version": "1.0.3",
            "resolved": "https://purecloud.jfrog.io/purecloud/api/npm/inin-internal-npm/is-hexadecimal/-/is-hexadecimal-1.0.3.tgz",
            "integrity": "sha1-6KQmppttMUcNOjOke7glzaAlBu4="
        },
        "is-plain-obj": {
            "version": "1.1.0",
            "resolved": "https://purecloud.jfrog.io/purecloud/api/npm/inin-internal-npm/is-plain-obj/-/is-plain-obj-1.1.0.tgz",
            "integrity": "sha1-caUMhCnfync8kqOQpKA7OfzVHT4="
        },
        "is-whitespace-character": {
            "version": "1.0.3",
            "resolved": "https://purecloud.jfrog.io/purecloud/api/npm/inin-internal-npm/is-whitespace-character/-/is-whitespace-character-1.0.3.tgz",
            "integrity": "sha1-s62VRtkW19P/p4IEvKDCa1Ylf6w="
        },
        "is-word-character": {
            "version": "1.0.3",
            "resolved": "https://purecloud.jfrog.io/purecloud/api/npm/inin-internal-npm/is-word-character/-/is-word-character-1.0.3.tgz",
            "integrity": "sha1-Jk0VVBy60LqDPTmSw05rQIc7CKo="
        },
        "js-tokens": {
            "version": "4.0.0",
            "resolved": "https://purecloud.jfrog.io/purecloud/api/npm/inin-internal-npm/js-tokens/-/js-tokens-4.0.0.tgz",
            "integrity": "sha1-GSA/tZmR35jjoocFDUZHzerzJJk="
        },
        "lodash.camelcase": {
            "version": "4.3.0",
            "resolved": "https://purecloud.jfrog.io/purecloud/api/npm/inin-internal-npm/lodash.camelcase/-/lodash.camelcase-4.3.0.tgz",
            "integrity": "sha1-soqmKIorn8ZRA1x3EfZathkDMaY="
        },
        "loose-envify": {
            "version": "1.4.0",
            "resolved": "https://purecloud.jfrog.io/purecloud/api/npm/inin-internal-npm/loose-envify/-/loose-envify-1.4.0.tgz",
            "integrity": "sha1-ce5R+nvkyuwaY4OffmgtgTLTDK8=",
            "requires": {
                "js-tokens": "^3.0.0 || ^4.0.0"
            }
        },
        "markdown-escapes": {
            "version": "1.0.3",
            "resolved": "https://purecloud.jfrog.io/purecloud/api/npm/inin-internal-npm/markdown-escapes/-/markdown-escapes-1.0.3.tgz",
            "integrity": "sha1-YVXhBBbvqvq2ZdRmzlmCFjdRlfU="
        },
        "mdast-add-list-metadata": {
            "version": "1.0.1",
            "resolved": "https://purecloud.jfrog.io/purecloud/api/npm/inin-internal-npm/mdast-add-list-metadata/-/mdast-add-list-metadata-1.0.1.tgz",
            "integrity": "sha1-lec2QM4vwfoty37EQ9CeK/59tM8=",
            "requires": {
                "unist-util-visit-parents": "1.1.2"
            }
        },
        "ms": {
            "version": "2.0.0",
            "resolved": "https://purecloud.jfrog.io/purecloud/api/npm/inin-internal-npm/ms/-/ms-2.0.0.tgz",
            "integrity": "sha1-VgiurfwAvmwpAd9fmGF4jeDVl8g="
        },
        "object-assign": {
            "version": "4.1.1",
            "resolved": "https://purecloud.jfrog.io/purecloud/api/npm/inin-internal-npm/object-assign/-/object-assign-4.1.1.tgz",
            "integrity": "sha1-IQmtx5ZYh8/AXLvUQsrIv7s2CGM="
        },
        "parse-entities": {
            "version": "1.2.2",
            "resolved": "https://purecloud.jfrog.io/purecloud/api/npm/inin-internal-npm/parse-entities/-/parse-entities-1.2.2.tgz",
            "integrity": "sha1-wxvw9lO2ZhNU+Jc1WcuG3R1e31A=",
            "requires": {
                "character-entities": "^1.0.0",
                "character-entities-legacy": "^1.0.0",
                "character-reference-invalid": "^1.0.0",
                "is-alphanumerical": "^1.0.0",
                "is-decimal": "^1.0.0",
                "is-hexadecimal": "^1.0.0"
            }
        },
        "prop-types": {
            "version": "15.7.2",
            "resolved": "https://purecloud.jfrog.io/purecloud/api/npm/inin-internal-npm/prop-types/-/prop-types-15.7.2.tgz",
            "integrity": "sha1-UsQedbjIfnK52TYOAga5ncv/psU=",
            "requires": {
                "loose-envify": "^1.4.0",
                "object-assign": "^4.1.1",
                "react-is": "^16.8.1"
            }
        },
        "ramda": {
            "version": "0.26.1",
            "resolved": "https://purecloud.jfrog.io/purecloud/api/npm/inin-internal-npm/ramda/-/ramda-0.26.1.tgz",
            "integrity": "sha1-jUE1HrgRHFU1Nhf8O7/62OTTXQY="
        },
        "react": {
            "version": "16.9.0",
            "resolved": "https://purecloud.jfrog.io/purecloud/api/npm/inin-internal-npm/react/-/react-16.9.0.tgz",
            "integrity": "sha1-QLovmvE7waONddvy9DWaUYXE96o=",
            "requires": {
                "loose-envify": "^1.1.0",
                "object-assign": "^4.1.1",
                "prop-types": "^15.6.2"
            }
        },
        "react-dom": {
            "version": "16.9.0",
            "resolved": "https://purecloud.jfrog.io/purecloud/api/npm/inin-internal-npm/react-dom/-/react-dom-16.9.0.tgz",
            "integrity": "sha1-XmVSel4m8irjcBExvMyu6fsNOWI=",
            "requires": {
                "loose-envify": "^1.1.0",
                "object-assign": "^4.1.1",
                "prop-types": "^15.6.2",
                "scheduler": "^0.15.0"
            }
        },
        "react-is": {
            "version": "16.9.0",
            "resolved": "https://purecloud.jfrog.io/purecloud/api/npm/inin-internal-npm/react-is/-/react-is-16.9.0.tgz",
            "integrity": "sha1-IcqVYTmarQ/xp3AcAWg+jKmB7cs="
        },
        "react-markdown": {
            "version": "4.1.0",
            "resolved": "https://purecloud.jfrog.io/purecloud/api/npm/inin-internal-npm/react-markdown/-/react-markdown-4.1.0.tgz",
            "integrity": "sha1-f9+EDsuryAPygVb3QRxya1jyWnM=",
            "requires": {
                "html-to-react": "^1.3.4",
                "mdast-add-list-metadata": "1.0.1",
                "prop-types": "^15.7.2",
                "remark-parse": "^5.0.0",
                "unified": "^6.1.5",
                "unist-util-visit": "^1.3.0",
                "xtend": "^4.0.1"
            }
        },
        "react-vertical-timeline-component": {
            "version": "2.4.0",
            "resolved": "https://purecloud.jfrog.io/purecloud/api/npm/inin-internal-npm/react-vertical-timeline-component/-/react-vertical-timeline-component-2.4.0.tgz",
            "integrity": "sha1-s2arlf6BayTidcPelxaoOLlgek0=",
            "requires": {
                "classnames": "^2.2.5",
                "prop-types": "^15.6.1",
                "react-visibility-sensor": "^5.0.2"
            }
        },
        "react-visibility-sensor": {
            "version": "5.1.1",
            "resolved": "https://purecloud.jfrog.io/purecloud/api/npm/inin-internal-npm/react-visibility-sensor/-/react-visibility-sensor-5.1.1.tgz",
            "integrity": "sha1-Ujg4CWDToLK+C3+t3/OFQeM39ak=",
            "requires": {
                "prop-types": "^15.7.2"
            }
        },
        "remark-parse": {
            "version": "5.0.0",
            "resolved": "https://purecloud.jfrog.io/purecloud/api/npm/inin-internal-npm/remark-parse/-/remark-parse-5.0.0.tgz",
            "integrity": "sha1-TAd/nkmQRNHVwT+A16mM97koXZU=",
            "requires": {
                "collapse-white-space": "^1.0.2",
                "is-alphabetical": "^1.0.0",
                "is-decimal": "^1.0.0",
                "is-whitespace-character": "^1.0.0",
                "is-word-character": "^1.0.0",
                "markdown-escapes": "^1.0.0",
                "parse-entities": "^1.1.0",
                "repeat-string": "^1.5.4",
                "state-toggle": "^1.0.0",
                "trim": "0.0.1",
                "trim-trailing-lines": "^1.0.0",
                "unherit": "^1.0.4",
                "unist-util-remove-position": "^1.0.0",
                "vfile-location": "^2.0.0",
                "xtend": "^4.0.1"
            }
        },
        "repeat-string": {
            "version": "1.6.1",
            "resolved": "https://purecloud.jfrog.io/purecloud/api/npm/inin-internal-npm/repeat-string/-/repeat-string-1.6.1.tgz",
            "integrity": "sha1-jcrkcOHIirwtYA//Sndihtp15jc="
        },
        "replace-ext": {
            "version": "1.0.0",
            "resolved": "https://purecloud.jfrog.io/purecloud/api/npm/inin-internal-npm/replace-ext/-/replace-ext-1.0.0.tgz",
            "integrity": "sha1-3mMSg3P8v3w8z6TeWkgMRaZ5WOs="
        },
        "scheduler": {
            "version": "0.15.0",
            "resolved": "https://purecloud.jfrog.io/purecloud/api/npm/inin-internal-npm/scheduler/-/scheduler-0.15.0.tgz",
            "integrity": "sha1-a/z4D/hQsoD+1K7sxlE7wLTxf44=",
            "requires": {
                "loose-envify": "^1.1.0",
                "object-assign": "^4.1.1"
            }
        },
        "state-toggle": {
            "version": "1.0.2",
            "resolved": "https://purecloud.jfrog.io/purecloud/api/npm/inin-internal-npm/state-toggle/-/state-toggle-1.0.2.tgz",
            "integrity": "sha1-dek6YZRBFrSVnWZcjbLSQ2Mdbdw="
        },
        "trim": {
            "version": "0.0.1",
            "resolved": "https://purecloud.jfrog.io/purecloud/api/npm/inin-internal-npm/trim/-/trim-0.0.1.tgz",
            "integrity": "sha1-WFhUf2spB1fulczMZm+1AITEYN0="
        },
        "trim-trailing-lines": {
            "version": "1.1.2",
            "resolved": "https://purecloud.jfrog.io/purecloud/api/npm/inin-internal-npm/trim-trailing-lines/-/trim-trailing-lines-1.1.2.tgz",
            "integrity": "sha1-0vHhUxYRUunwL6vGcPtAvsLqLjo="
        },
        "trough": {
            "version": "1.0.4",
            "resolved": "https://purecloud.jfrog.io/purecloud/api/npm/inin-internal-npm/trough/-/trough-1.0.4.tgz",
            "integrity": "sha1-O1Kx8Tkk9GDD+/0N9ptYfby8di4="
        },
        "unherit": {
            "version": "1.1.2",
            "resolved": "https://purecloud.jfrog.io/purecloud/api/npm/inin-internal-npm/unherit/-/unherit-1.1.2.tgz",
            "integrity": "sha1-FPHzlyU+5OyVzsFndi5334NnhEk=",
            "requires": {
                "inherits": "^2.0.1",
                "xtend": "^4.0.1"
            }
        },
        "unified": {
            "version": "6.2.0",
            "resolved": "https://purecloud.jfrog.io/purecloud/api/npm/inin-internal-npm/unified/-/unified-6.2.0.tgz",
            "integrity": "sha1-f71jD3GRJtZ9QMZEt+P2FwNfbbo=",
            "requires": {
                "bail": "^1.0.0",
                "extend": "^3.0.0",
                "is-plain-obj": "^1.1.0",
                "trough": "^1.0.0",
                "vfile": "^2.0.0",
                "x-is-string": "^0.1.0"
            }
        },
        "unist-util-is": {
            "version": "3.0.0",
            "resolved": "https://purecloud.jfrog.io/purecloud/api/npm/inin-internal-npm/unist-util-is/-/unist-util-is-3.0.0.tgz",
            "integrity": "sha1-2ehDgcJGjoJinkpb6dfQWi3TJM0="
        },
        "unist-util-remove-position": {
            "version": "1.1.3",
            "resolved": "https://purecloud.jfrog.io/purecloud/api/npm/inin-internal-npm/unist-util-remove-position/-/unist-util-remove-position-1.1.3.tgz",
            "integrity": "sha1-2RqouJswyzi60pJNoRBy+qZP2XI=",
            "requires": {
                "unist-util-visit": "^1.1.0"
            }
        },
        "unist-util-stringify-position": {
            "version": "1.1.2",
            "resolved": "https://purecloud.jfrog.io/purecloud/api/npm/inin-internal-npm/unist-util-stringify-position/-/unist-util-stringify-position-1.1.2.tgz",
            "integrity": "sha1-Pzf881EnncvKdICrWIm7ioMu4cY="
        },
        "unist-util-visit": {
            "version": "1.4.1",
            "resolved": "https://purecloud.jfrog.io/purecloud/api/npm/inin-internal-npm/unist-util-visit/-/unist-util-visit-1.4.1.tgz",
            "integrity": "sha1-RySqqEhububibX/zyGhZYNVgseM=",
            "requires": {
                "unist-util-visit-parents": "^2.0.0"
            },
            "dependencies": {
                "unist-util-visit-parents": {
                    "version": "2.1.2",
                    "resolved": "https://purecloud.jfrog.io/purecloud/api/npm/inin-internal-npm/unist-util-visit-parents/-/unist-util-visit-parents-2.1.2.tgz",
                    "integrity": "sha1-JeQ+VTEhZvM0jK5nQ1iHgdESwek=",
                    "requires": {
                        "unist-util-is": "^3.0.0"
                    }
                }
            }
        },
        "unist-util-visit-parents": {
            "version": "1.1.2",
            "resolved": "https://purecloud.jfrog.io/purecloud/api/npm/inin-internal-npm/unist-util-visit-parents/-/unist-util-visit-parents-1.1.2.tgz",
            "integrity": "sha1-9uOv7ovb+WHA5vAo6jwEgAKMPQY="
        },
        "vertical-timeline-component-for-react": {
            "version": "1.0.6",
            "resolved": "https://purecloud.jfrog.io/purecloud/api/npm/inin-internal-npm/vertical-timeline-component-for-react/-/vertical-timeline-component-for-react-1.0.6.tgz",
            "integrity": "sha1-66Nq9w9laKR5hZkUiqiXXthCPeg=",
            "requires": {
                "classnames": "^2.2.5",
                "prop-types": "^15.6.1",
                "react-visibility-sensor": "^5.0.2"
            }
        },
        "vfile": {
            "version": "2.3.0",
            "resolved": "https://purecloud.jfrog.io/purecloud/api/npm/inin-internal-npm/vfile/-/vfile-2.3.0.tgz",
            "integrity": "sha1-5i2OcrIOg8MkvGxnJ47ickiL+Eo=",
            "requires": {
                "is-buffer": "^1.1.4",
                "replace-ext": "1.0.0",
                "unist-util-stringify-position": "^1.0.0",
                "vfile-message": "^1.0.0"
            },
            "dependencies": {
                "is-buffer": {
                    "version": "1.1.6",
                    "resolved": "https://purecloud.jfrog.io/purecloud/api/npm/inin-internal-npm/is-buffer/-/is-buffer-1.1.6.tgz",
                    "integrity": "sha1-76ouqdqg16suoTqXsritUf776L4="
                }
            }
        },
        "vfile-location": {
            "version": "2.0.5",
            "resolved": "https://purecloud.jfrog.io/purecloud/api/npm/inin-internal-npm/vfile-location/-/vfile-location-2.0.5.tgz",
            "integrity": "sha1-yD6wL4BAIoqNKz8Q5IW+PjQz4KI="
        },
        "vfile-message": {
            "version": "1.1.1",
            "resolved": "https://purecloud.jfrog.io/purecloud/api/npm/inin-internal-npm/vfile-message/-/vfile-message-1.1.1.tgz",
            "integrity": "sha1-WDOuB4od+i2W6WR4hs0ymTqzE+E=",
            "requires": {
                "unist-util-stringify-position": "^1.1.1"
            }
        },
        "x-is-string": {
            "version": "0.1.0",
            "resolved": "https://purecloud.jfrog.io/purecloud/api/npm/inin-internal-npm/x-is-string/-/x-is-string-0.1.0.tgz",
            "integrity": "sha1-R0tQhlrzpJqcRlfwWs0UVFj3fYI="
        },
        "xtend": {
            "version": "4.0.2",
            "resolved": "https://purecloud.jfrog.io/purecloud/api/npm/inin-internal-npm/xtend/-/xtend-4.0.2.tgz",
            "integrity": "sha1-u3J3n1+kZRhrH0OPZ0+jR/2121Q="
        }
    }
}
