{
    "name": "status-page-io",
    "version": "0.1.0",
    "lockfileVersion": 1,
    "requires": true,
    "dependencies": {
        "axios": {
            "version": "0.19.0",
            "resolved": "https://purecloud.jfrog.io/purecloud/api/npm/inin-internal-npm/axios/-/axios-0.19.0.tgz",
            "integrity": "sha1-jgm/89kSLhM/e4EByPvdAO09Krg=",
            "requires": {
                "follow-redirects": "1.5.10",
                "is-buffer": "^2.0.2"
            }
        },
        "debug": {
            "version": "3.1.0",
            "resolved": "https://purecloud.jfrog.io/purecloud/api/npm/inin-internal-npm/debug/-/debug-3.1.0.tgz",
            "integrity": "sha1-W7WgZyYotkFJVmuhaBnmFRjGcmE=",
            "requires": {
                "ms": "2.0.0"
            }
        },
        "follow-redirects": {
            "version": "1.5.10",
            "resolved": "https://purecloud.jfrog.io/purecloud/api/npm/inin-internal-npm/follow-redirects/-/follow-redirects-1.5.10.tgz",
            "integrity": "sha1-e3qfmuov3/NnhqlP9kPtB/T/Xio=",
            "requires": {
                "debug": "=3.1.0"
            }
        },
        "is-buffer": {
            "version": "2.0.3",
            "resolved": "https://purecloud.jfrog.io/purecloud/api/npm/inin-internal-npm/is-buffer/-/is-buffer-2.0.3.tgz",
            "integrity": "sha1-Ts8/z3ScvR5HJonhCaxmJhol5yU="
        },
        "js-tokens": {
            "version": "4.0.0",
            "resolved": "https://purecloud.jfrog.io/purecloud/api/npm/inin-internal-npm/js-tokens/-/js-tokens-4.0.0.tgz",
            "integrity": "sha1-GSA/tZmR35jjoocFDUZHzerzJJk="
        },
        "loose-envify": {
            "version": "1.4.0",
            "resolved": "https://purecloud.jfrog.io/purecloud/api/npm/inin-internal-npm/loose-envify/-/loose-envify-1.4.0.tgz",
            "integrity": "sha1-ce5R+nvkyuwaY4OffmgtgTLTDK8=",
            "requires": {
                "js-tokens": "^3.0.0 || ^4.0.0"
            }
        },
        "ms": {
            "version": "2.0.0",
            "resolved": "https://purecloud.jfrog.io/purecloud/api/npm/inin-internal-npm/ms/-/ms-2.0.0.tgz",
            "integrity": "sha1-VgiurfwAvmwpAd9fmGF4jeDVl8g="
        },
        "object-assign": {
            "version": "4.1.1",
            "resolved": "https://purecloud.jfrog.io/purecloud/api/npm/inin-internal-npm/object-assign/-/object-assign-4.1.1.tgz",
            "integrity": "sha1-IQmtx5ZYh8/AXLvUQsrIv7s2CGM="
        },
        "prop-types": {
            "version": "15.7.2",
            "resolved": "https://purecloud.jfrog.io/purecloud/api/npm/inin-internal-npm/prop-types/-/prop-types-15.7.2.tgz",
            "integrity": "sha1-UsQedbjIfnK52TYOAga5ncv/psU=",
            "requires": {
                "loose-envify": "^1.4.0",
                "object-assign": "^4.1.1",
                "react-is": "^16.8.1"
            }
        },
        "react": {
            "version": "16.9.0",
            "resolved": "https://purecloud.jfrog.io/purecloud/api/npm/inin-internal-npm/react/-/react-16.9.0.tgz",
            "integrity": "sha1-QLovmvE7waONddvy9DWaUYXE96o=",
            "requires": {
                "loose-envify": "^1.1.0",
                "object-assign": "^4.1.1",
                "prop-types": "^15.6.2"
            }
        },
        "react-dom": {
            "version": "16.9.0",
            "resolved": "https://purecloud.jfrog.io/purecloud/api/npm/inin-internal-npm/react-dom/-/react-dom-16.9.0.tgz",
            "integrity": "sha1-XmVSel4m8irjcBExvMyu6fsNOWI=",
            "requires": {
                "loose-envify": "^1.1.0",
                "object-assign": "^4.1.1",
                "prop-types": "^15.6.2",
                "scheduler": "^0.15.0"
            }
        },
        "react-is": {
            "version": "16.9.0",
            "resolved": "https://purecloud.jfrog.io/purecloud/api/npm/inin-internal-npm/react-is/-/react-is-16.9.0.tgz",
            "integrity": "sha1-IcqVYTmarQ/xp3AcAWg+jKmB7cs="
        },
        "scheduler": {
            "version": "0.15.0",
            "resolved": "https://purecloud.jfrog.io/purecloud/api/npm/inin-internal-npm/scheduler/-/scheduler-0.15.0.tgz",
            "integrity": "sha1-a/z4D/hQsoD+1K7sxlE7wLTxf44=",
            "requires": {
                "loose-envify": "^1.1.0",
                "object-assign": "^4.1.1"
            }
        }
    }
}
